// !$*UTF8*$!
{
	archiveVersion = 1;
	classes = {
	};
	objectVersion = 52;
	objects = {

/* Begin PBXBuildFile section */
		286DD63F24A07F6F00FADFE2 /* AppDelegate.swift in Sources */ = {isa = PBXBuildFile; fileRef = 286DD63E24A07F6F00FADFE2 /* AppDelegate.swift */; };
		286DD64124A07F6F00FADFE2 /* SceneDelegate.swift in Sources */ = {isa = PBXBuildFile; fileRef = 286DD64024A07F6F00FADFE2 /* SceneDelegate.swift */; };
		286DD64324A07F6F00FADFE2 /* ViewController.swift in Sources */ = {isa = PBXBuildFile; fileRef = 286DD64224A07F6F00FADFE2 /* ViewController.swift */; };
		286DD64624A07F6F00FADFE2 /* Main.storyboard in Resources */ = {isa = PBXBuildFile; fileRef = 286DD64424A07F6F00FADFE2 /* Main.storyboard */; };
		286DD64824A07F7000FADFE2 /* Assets.xcassets in Resources */ = {isa = PBXBuildFile; fileRef = 286DD64724A07F7000FADFE2 /* Assets.xcassets */; };
		286DD64B24A07F7000FADFE2 /* LaunchScreen.storyboard in Resources */ = {isa = PBXBuildFile; fileRef = 286DD64924A07F7000FADFE2 /* LaunchScreen.storyboard */; };
		286DD65424A07FB700FADFE2 /* ZIPFoundation in Frameworks */ = {isa = PBXBuildFile; productRef = 286DD65324A07FB700FADFE2 /* ZIPFoundation */; };
		286DD65624A07FDB00FADFE2 /* data.zip in Resources */ = {isa = PBXBuildFile; fileRef = 286DD65524A07FDB00FADFE2 /* data.zip */; };
/* End PBXBuildFile section */

/* Begin PBXFileReference section */
		286DD63B24A07F6F00FADFE2 /* UncompressTesting.app */ = {isa = PBXFileReference; explicitFileType = wrapper.application; includeInIndex = 0; path = UncompressTesting.app; sourceTree = BUILT_PRODUCTS_DIR; };
		286DD63E24A07F6F00FADFE2 /* AppDelegate.swift */ = {isa = PBXFileReference; lastKnownFileType = sourcecode.swift; path = AppDelegate.swift; sourceTree = "<group>"; };
		286DD64024A07F6F00FADFE2 /* SceneDelegate.swift */ = {isa = PBXFileReference; lastKnownFileType = sourcecode.swift; path = SceneDelegate.swift; sourceTree = "<group>"; };
		286DD64224A07F6F00FADFE2 /* ViewController.swift */ = {isa = PBXFileReference; lastKnownFileType = sourcecode.swift; path = ViewController.swift; sourceTree = "<group>"; };
		286DD64524A07F6F00FADFE2 /* Base */ = {isa = PBXFileReference; lastKnownFileType = file.storyboard; name = Base; path = Base.lproj/Main.storyboard; sourceTree = "<group>"; };
		286DD64724A07F7000FADFE2 /* Assets.xcassets */ = {isa = PBXFileReference; lastKnownFileType = folder.assetcatalog; path = Assets.xcassets; sourceTree = "<group>"; };
		286DD64A24A07F7000FADFE2 /* Base */ = {isa = PBXFileReference; lastKnownFileType = file.storyboard; name = Base; path = Base.lproj/LaunchScreen.storyboard; sourceTree = "<group>"; };
		286DD64C24A07F7000FADFE2 /* Info.plist */ = {isa = PBXFileReference; lastKnownFileType = text.plist.xml; path = Info.plist; sourceTree = "<group>"; };
		286DD65524A07FDB00FADFE2 /* data.zip */ = {isa = PBXFileReference; lastKnownFileType = archive.zip; path = data.zip; sourceTree = "<group>"; };
/* End PBXFileReference section */

/* Begin PBXFrameworksBuildPhase section */
		286DD63824A07F6F00FADFE2 /* Frameworks */ = {
			isa = PBXFrameworksBuildPhase;
			buildActionMask = 2147483647;
			files = (
				286DD65424A07FB700FADFE2 /* ZIPFoundation in Frameworks */,
			);
			runOnlyForDeploymentPostprocessing = 0;
		};
/* End PBXFrameworksBuildPhase section */

/* Begin PBXGroup section */
		286DD63224A07F6F00FADFE2 = {
			isa = PBXGroup;
			children = (
				286DD63D24A07F6F00FADFE2 /* UncompressTesting */,
				286DD63C24A07F6F00FADFE2 /* Products */,
			);
			sourceTree = "<group>";
		};
		286DD63C24A07F6F00FADFE2 /* Products */ = {
			isa = PBXGroup;
			children = (
				286DD63B24A07F6F00FADFE2 /* UncompressTesting.app */,
			);
			name = Products;
			sourceTree = "<group>";
		};
		286DD63D24A07F6F00FADFE2 /* UncompressTesting */ = {
			isa = PBXGroup;
			children = (
				286DD65524A07FDB00FADFE2 /* data.zip */,
				286DD63E24A07F6F00FADFE2 /* AppDelegate.swift */,
				286DD64024A07F6F00FADFE2 /* SceneDelegate.swift */,
				286DD64224A07F6F00FADFE2 /* ViewController.swift */,
				286DD64424A07F6F00FADFE2 /* Main.storyboard */,
				286DD64724A07F7000FADFE2 /* Assets.xcassets */,
				286DD64924A07F7000FADFE2 /* LaunchScreen.storyboard */,
				286DD64C24A07F7000FADFE2 /* Info.plist */,
			);
			path = UncompressTesting;
			sourceTree = "<group>";
		};
/* End PBXGroup section */

/* Begin PBXNativeTarget section */
		286DD63A24A07F6F00FADFE2 /* UncompressTesting */ = {
			isa = PBXNativeTarget;
			buildConfigurationList = 286DD64F24A07F7000FADFE2 /* Build configuration list for PBXNativeTarget "UncompressTesting" */;
			buildPhases = (
				286DD63724A07F6F00FADFE2 /* Sources */,
				286DD63824A07F6F00FADFE2 /* Frameworks */,
				286DD63924A07F6F00FADFE2 /* Resources */,
			);
			buildRules = (
			);
			dependencies = (
			);
			name = UncompressTesting;
			packageProductDependencies = (
				286DD65324A07FB700FADFE2 /* ZIPFoundation */,
			);
			productName = UncompressTesting;
			productReference = 286DD63B24A07F6F00FADFE2 /* UncompressTesting.app */;
			productType = "com.apple.product-type.application";
		};
/* End PBXNativeTarget section */

/* Begin PBXProject section */
		286DD63324A07F6F00FADFE2 /* Project object */ = {
			isa = PBXProject;
			attributes = {
				LastSwiftUpdateCheck = 1150;
				LastUpgradeCheck = 1150;
				ORGANIZATIONNAME = "Sarthak Khillon";
				TargetAttributes = {
					286DD63A24A07F6F00FADFE2 = {
						CreatedOnToolsVersion = 11.5;
					};
				};
			};
			buildConfigurationList = 286DD63624A07F6F00FADFE2 /* Build configuration list for PBXProject "UncompressTesting" */;
			compatibilityVersion = "Xcode 9.3";
			developmentRegion = en;
			hasScannedForEncodings = 0;
			knownRegions = (
				en,
				Base,
			);
			mainGroup = 286DD63224A07F6F00FADFE2;
			packageReferences = (
				286DD65224A07FB700FADFE2 /* XCRemoteSwiftPackageReference "ZIPFoundation" */,
			);
			productRefGroup = 286DD63C24A07F6F00FADFE2 /* Products */;
			projectDirPath = "";
			projectRoot = "";
			targets = (
				286DD63A24A07F6F00FADFE2 /* UncompressTesting */,
			);
		};
/* End PBXProject section */

/* Begin PBXResourcesBuildPhase section */
		286DD63924A07F6F00FADFE2 /* Resources */ = {
			isa = PBXResourcesBuildPhase;
			buildActionMask = 2147483647;
			files = (
				286DD64B24A07F7000FADFE2 /* LaunchScreen.storyboard in Resources */,
				286DD64824A07F7000FADFE2 /* Assets.xcassets in Resources */,
				286DD64624A07F6F00FADFE2 /* Main.storyboard in Resources */,
				286DD65624A07FDB00FADFE2 /* data.zip in Resources */,
			);
			runOnlyForDeploymentPostprocessing = 0;
		};
/* End PBXResourcesBuildPhase section */

/* Begin PBXSourcesBuildPhase section */
		286DD63724A07F6F00FADFE2 /* Sources */ = {
			isa = PBXSourcesBuildPhase;
			buildActionMask = 2147483647;
			files = (
				286DD64324A07F6F00FADFE2 /* ViewController.swift in Sources */,
				286DD63F24A07F6F00FADFE2 /* AppDelegate.swift in Sources */,
				286DD64124A07F6F00FADFE2 /* SceneDelegate.swift in Sources */,
			);
			runOnlyForDeploymentPostprocessing = 0;
		};
/* End PBXSourcesBuildPhase section */

/* Begin PBXVariantGroup section */
		286DD64424A07F6F00FADFE2 /* Main.storyboard */ = {
			isa = PBXVariantGroup;
			children = (
				286DD64524A07F6F00FADFE2 /* Base */,
			);
			name = Main.storyboard;
			sourceTree = "<group>";
		};
		286DD64924A07F7000FADFE2 /* LaunchScreen.storyboard */ = {
			isa = PBXVariantGroup;
			children = (
				286DD64A24A07F7000FADFE2 /* Base */,
			);
			name = LaunchScreen.storyboard;
			sourceTree = "<group>";
		};
/* End PBXVariantGroup section */

/* Begin XCBuildConfiguration section */
		286DD64D24A07F7000FADFE2 /* Debug */ = {
			isa = XCBuildConfiguration;
			buildSettings = {
				ALWAYS_SEARCH_USER_PATHS = NO;
				CLANG_ANALYZER_NONNULL = YES;
				CLANG_ANALYZER_NUMBER_OBJECT_CONVERSION = YES_AGGRESSIVE;
				CLANG_CXX_LANGUAGE_STANDARD = "gnu++14";
				CLANG_CXX_LIBRARY = "libc++";
				CLANG_ENABLE_MODULES = YES;
				CLANG_ENABLE_OBJC_ARC = YES;
				CLANG_ENABLE_OBJC_WEAK = YES;
				CLANG_WARN_BLOCK_CAPTURE_AUTORELEASING = YES;
				CLANG_WARN_BOOL_CONVERSION = YES;
				CLANG_WARN_COMMA = YES;
				CLANG_WARN_CONSTANT_CONVERSION = YES;
				CLANG_WARN_DEPRECATED_OBJC_IMPLEMENTATIONS = YES;
				CLANG_WARN_DIRECT_OBJC_ISA_USAGE = YES_ERROR;
				CLANG_WARN_DOCUMENTATION_COMMENTS = YES;
				CLANG_WARN_EMPTY_BODY = YES;
				CLANG_WARN_ENUM_CONVERSION = YES;
				CLANG_WARN_INFINITE_RECURSION = YES;
				CLANG_WARN_INT_CONVERSION = YES;
				CLANG_WARN_NON_LITERAL_NULL_CONVERSION = YES;
				CLANG_WARN_OBJC_IMPLICIT_RETAIN_SELF = YES;
				CLANG_WARN_OBJC_LITERAL_CONVERSION = YES;
				CLANG_WARN_OBJC_ROOT_CLASS = YES_ERROR;
				CLANG_WARN_RANGE_LOOP_ANALYSIS = YES;
				CLANG_WARN_STRICT_PROTOTYPES = YES;
				CLANG_WARN_SUSPICIOUS_MOVE = YES;
				CLANG_WARN_UNGUARDED_AVAILABILITY = YES_AGGRESSIVE;
				CLANG_WARN_UNREACHABLE_CODE = YES;
				CLANG_WARN__DUPLICATE_METHOD_MATCH = YES;
				COPY_PHASE_STRIP = NO;
				DEBUG_INFORMATION_FORMAT = dwarf;
				ENABLE_STRICT_OBJC_MSGSEND = YES;
				ENABLE_TESTABILITY = YES;
				GCC_C_LANGUAGE_STANDARD = gnu11;
				GCC_DYNAMIC_NO_PIC = NO;
				GCC_NO_COMMON_BLOCKS = YES;
				GCC_OPTIMIZATION_LEVEL = 0;
				GCC_PREPROCESSOR_DEFINITIONS = (
					"DEBUG=1",
					"$(inherited)",
				);
				GCC_WARN_64_TO_32_BIT_CONVERSION = YES;
				GCC_WARN_ABOUT_RETURN_TYPE = YES_ERROR;
				GCC_WARN_UNDECLARED_SELECTOR = YES;
				GCC_WARN_UNINITIALIZED_AUTOS = YES_AGGRESSIVE;
				GCC_WARN_UNUSED_FUNCTION = YES;
				GCC_WARN_UNUSED_VARIABLE = YES;
				IPHONEOS_DEPLOYMENT_TARGET = 13.5;
				MTL_ENABLE_DEBUG_INFO = INCLUDE_SOURCE;
				MTL_FAST_MATH = YES;
				ONLY_ACTIVE_ARCH = YES;
				SDKROOT = iphoneos;
				SWIFT_ACTIVE_COMPILATION_CONDITIONS = DEBUG;
				SWIFT_OPTIMIZATION_LEVEL = "-Onone";
			};
			name = Debug;
		};
		286DD64E24A07F7000FADFE2 /* Release */ = {
			isa = XCBuildConfiguration;
			buildSettings = {
				ALWAYS_SEARCH_USER_PATHS = NO;
				CLANG_ANALYZER_NONNULL = YES;
				CLANG_ANALYZER_NUMBER_OBJECT_CONVERSION = YES_AGGRESSIVE;
				CLANG_CXX_LANGUAGE_STANDARD = "gnu++14";
				CLANG_CXX_LIBRARY = "libc++";
				CLANG_ENABLE_MODULES = YES;
				CLANG_ENABLE_OBJC_ARC = YES;
				CLANG_ENABLE_OBJC_WEAK = YES;
				CLANG_WARN_BLOCK_CAPTURE_AUTORELEASING = YES;
				CLANG_WARN_BOOL_CONVERSION = YES;
				CLANG_WARN_COMMA = YES;
				CLANG_WARN_CONSTANT_CONVERSION = YES;
				CLANG_WARN_DEPRECATED_OBJC_IMPLEMENTATIONS = YES;
				CLANG_WARN_DIRECT_OBJC_ISA_USAGE = YES_ERROR;
				CLANG_WARN_DOCUMENTATION_COMMENTS = YES;
				CLANG_WARN_EMPTY_BODY = YES;
				CLANG_WARN_ENUM_CONVERSION = YES;
				CLANG_WARN_INFINITE_RECURSION = YES;
				CLANG_WARN_INT_CONVERSION = YES;
				CLANG_WARN_NON_LITERAL_NULL_CONVERSION = YES;
				CLANG_WARN_OBJC_IMPLICIT_RETAIN_SELF = YES;
				CLANG_WARN_OBJC_LITERAL_CONVERSION = YES;
				CLANG_WARN_OBJC_ROOT_CLASS = YES_ERROR;
				CLANG_WARN_RANGE_LOOP_ANALYSIS = YES;
				CLANG_WARN_STRICT_PROTOTYPES = YES;
				CLANG_WARN_SUSPICIOUS_MOVE = YES;
				CLANG_WARN_UNGUARDED_AVAILABILITY = YES_AGGRESSIVE;
				CLANG_WARN_UNREACHABLE_CODE = YES;
				CLANG_WARN__DUPLICATE_METHOD_MATCH = YES;
				COPY_PHASE_STRIP = NO;
				DEBUG_INFORMATION_FORMAT = "dwarf-with-dsym";
				ENABLE_NS_ASSERTIONS = NO;
				ENABLE_STRICT_OBJC_MSGSEND = YES;
				GCC_C_LANGUAGE_STANDARD = gnu11;
				GCC_NO_COMMON_BLOCKS = YES;
				GCC_WARN_64_TO_32_BIT_CONVERSION = YES;
				GCC_WARN_ABOUT_RETURN_TYPE = YES_ERROR;
				GCC_WARN_UNDECLARED_SELECTOR = YES;
				GCC_WARN_UNINITIALIZED_AUTOS = YES_AGGRESSIVE;
				GCC_WARN_UNUSED_FUNCTION = YES;
				GCC_WARN_UNUSED_VARIABLE = YES;
				IPHONEOS_DEPLOYMENT_TARGET = 13.5;
				MTL_ENABLE_DEBUG_INFO = NO;
				MTL_FAST_MATH = YES;
				SDKROOT = iphoneos;
				SWIFT_COMPILATION_MODE = wholemodule;
				SWIFT_OPTIMIZATION_LEVEL = "-O";
				VALIDATE_PRODUCT = YES;
			};
			name = Release;
		};
		286DD65024A07F7000FADFE2 /* Debug */ = {
			isa = XCBuildConfiguration;
			buildSettings = {
				ASSETCATALOG_COMPILER_APPICON_NAME = AppIcon;
				CODE_SIGN_STYLE = Automatic;
				DEVELOPMENT_TEAM = KAE97MM9RT;
				INFOPLIST_FILE = UncompressTesting/Info.plist;
				LD_RUNPATH_SEARCH_PATHS = (
					"$(inherited)",
					"@executable_path/Frameworks",
				);
				PRODUCT_BUNDLE_IDENTIFIER = com.sarthakkhillon.UncompressTesting;
				PRODUCT_NAME = "$(TARGET_NAME)";
				SWIFT_VERSION = 5.0;
				TARGETED_DEVICE_FAMILY = "1,2";
			};
			name = Debug;
		};
		286DD65124A07F7000FADFE2 /* Release */ = {
			isa = XCBuildConfiguration;
			buildSettings = {
				ASSETCATALOG_COMPILER_APPICON_NAME = AppIcon;
				CODE_SIGN_STYLE = Automatic;
				DEVELOPMENT_TEAM = KAE97MM9RT;
				INFOPLIST_FILE = UncompressTesting/Info.plist;
				LD_RUNPATH_SEARCH_PATHS = (
					"$(inherited)",
					"@executable_path/Frameworks",
				);
				PRODUCT_BUNDLE_IDENTIFIER = com.sarthakkhillon.UncompressTesting;
				PRODUCT_NAME = "$(TARGET_NAME)";
				SWIFT_VERSION = 5.0;
				TARGETED_DEVICE_FAMILY = "1,2";
			};
			name = Release;
		};
/* End XCBuildConfiguration section */

/* Begin XCConfigurationList section */
		286DD63624A07F6F00FADFE2 /* Build configuration list for PBXProject "UncompressTesting" */ = {
			isa = XCConfigurationList;
			buildConfigurations = (
				286DD64D24A07F7000FADFE2 /* Debug */,
				286DD64E24A07F7000FADFE2 /* Release */,
			);
			defaultConfigurationIsVisible = 0;
			defaultConfigurationName = Release;
		};
		286DD64F24A07F7000FADFE2 /* Build configuration list for PBXNativeTarget "UncompressTesting" */ = {
			isa = XCConfigurationList;
			buildConfigurations = (
				286DD65024A07F7000FADFE2 /* Debug */,
				286DD65124A07F7000FADFE2 /* Release */,
			);
			defaultConfigurationIsVisible = 0;
			defaultConfigurationName = Release;
		};
/* End XCConfigurationList section */

/* Begin XCRemoteSwiftPackageReference section */
		286DD65224A07FB700FADFE2 /* XCRemoteSwiftPackageReference "ZIPFoundation" */ = {
			isa = XCRemoteSwiftPackageReference;
			repositoryURL = "https://github.com/weichsel/ZIPFoundation/";
			requirement = {
				kind = upToNextMajorVersion;
				minimumVersion = 0.9.11;
			};
		};
/* End XCRemoteSwiftPackageReference section */

/* Begin XCSwiftPackageProductDependency section */
		286DD65324A07FB700FADFE2 /* ZIPFoundation */ = {
			isa = XCSwiftPackageProductDependency;
			package = 286DD65224A07FB700FADFE2 /* XCRemoteSwiftPackageReference "ZIPFoundation" */;
			productName = ZIPFoundation;
		};
/* End XCSwiftPackageProductDependency section */
	};
	rootObject = 286DD63324A07F6F00FADFE2 /* Project object */;
}
